
Microsoft Visual Studio Solution File, Format Version 12.00
# Visual Studio Version 16
VisualStudioVersion = 16.0.31911.196
MinimumVisualStudioVersion = 10.0.40219.1
Project("{FAE04EC0-301F-11D3-BF4B-00C04F79EFBC}") = "SquaredCircle_bot", "SquaredCircle_bot\SquaredCircle_bot.csproj", "{40414837-CDE5-4539-8767-5E406D02DAEA}"
EndProject
Global
	GlobalSection(SolutionConfigurationPlatforms) = preSolution
		Debug|Any CPU = Debug|Any CPU
		Release|Any CPU = Release|Any CPU
	EndGlobalSection
	GlobalSection(ProjectConfigurationPlatforms) = postSolution
		{40414837-CDE5-4539-8767-5E406D02DAEA}.Debug|Any CPU.ActiveCfg = Debug|Any CPU
		{40414837-CDE5-4539-8767-5E406D02DAEA}.Debug|Any CPU.Build.0 = Debug|Any CPU
		{40414837-CDE5-4539-8767-5E406D02DAEA}.Release|Any CPU.ActiveCfg = Release|Any CPU
		{40414837-CDE5-4539-8767-5E406D02DAEA}.Release|Any CPU.Build.0 = Release|Any CPU
	EndGlobalSection
	GlobalSection(SolutionProperties) = preSolution
		HideSolutionNode = FALSE
	EndGlobalSection
	GlobalSection(ExtensibilityGlobals) = postSolution
		SolutionGuid = {A07C601E-702A-4D10-AF96-90E7EB7B07FF}
	EndGlobalSection
EndGlobal
